// !$*UTF8*$!
{
	archiveVersion = 1;
	classes = {
	};
	objectVersion = 55;
	objects = {

/* Begin PBXBuildFile section */
		3E91D6DE25A7A3EC13650861 /* Pods_TreeFood.framework in Frameworks */ = {isa = PBXBuildFile; fileRef = 5273B4DA82728CEB79516E72 /* Pods_TreeFood.framework */; };
		9311F589272D21E900610838 /* SupplementDetailViewController.swift in Sources */ = {isa = PBXBuildFile; fileRef = 9311F588272D21E900610838 /* SupplementDetailViewController.swift */; };
		931C2660272B828300EACD31 /* DishContentView.swift in Sources */ = {isa = PBXBuildFile; fileRef = 931C265F272B828300EACD31 /* DishContentView.swift */; };
		931C2662272B85C400EACD31 /* ingredientsCell.swift in Sources */ = {isa = PBXBuildFile; fileRef = 931C2661272B85C400EACD31 /* ingredientsCell.swift */; };
		9325EEE4272EA835004ECF78 /* SearchViewController.swift in Sources */ = {isa = PBXBuildFile; fileRef = 9325EEE3272EA834004ECF78 /* SearchViewController.swift */; };
		93449AAC271E722F0094AA60 /* HomeViewController.swift in Sources */ = {isa = PBXBuildFile; fileRef = 93449AAB271E722F0094AA60 /* HomeViewController.swift */; };
		93449AB1271E729B0094AA60 /* MineViewController.swift in Sources */ = {isa = PBXBuildFile; fileRef = 93449AB0271E729B0094AA60 /* MineViewController.swift */; };
		93449AB6271E72E60094AA60 /* RecordViewController.swift in Sources */ = {isa = PBXBuildFile; fileRef = 93449AB5271E72E60094AA60 /* RecordViewController.swift */; };
		93449ABB271E73630094AA60 /* AnalyzeViewController.swift in Sources */ = {isa = PBXBuildFile; fileRef = 93449ABA271E73630094AA60 /* AnalyzeViewController.swift */; };
		93449ABE271E740E0094AA60 /* Launch.swift in Sources */ = {isa = PBXBuildFile; fileRef = 93449ABD271E740E0094AA60 /* Launch.swift */; };
		93449AC3271EA1A00094AA60 /* BarContentView.swift in Sources */ = {isa = PBXBuildFile; fileRef = 93449AC2271EA1A00094AA60 /* BarContentView.swift */; };
		93449AC5271EA5FD0094AA60 /* Extension.swift in Sources */ = {isa = PBXBuildFile; fileRef = 93449AC4271EA5FD0094AA60 /* Extension.swift */; };
		93449AC7271EA61D0094AA60 /* Const.swift in Sources */ = {isa = PBXBuildFile; fileRef = 93449AC6271EA61D0094AA60 /* Const.swift */; };
		93449AC9271EAEFB0094AA60 /* BaseNavigationController.swift in Sources */ = {isa = PBXBuildFile; fileRef = 93449AC8271EAEFB0094AA60 /* BaseNavigationController.swift */; };
		93449ACB271ED9720094AA60 /* AddView.swift in Sources */ = {isa = PBXBuildFile; fileRef = 93449ACA271ED9720094AA60 /* AddView.swift */; };
		936841FA273263CE00404810 /* MIneBodyTableViewCell.swift in Sources */ = {isa = PBXBuildFile; fileRef = 936841F9273263CE00404810 /* MIneBodyTableViewCell.swift */; };
		936841FC273263DF00404810 /* MineHeadTableViewCell.swift in Sources */ = {isa = PBXBuildFile; fileRef = 936841FB273263DF00404810 /* MineHeadTableViewCell.swift */; };
		936841FE273263FA00404810 /* MineModel.swift in Sources */ = {isa = PBXBuildFile; fileRef = 936841FD273263FA00404810 /* MineModel.swift */; };
		936B49A7272680C90017D069 /* DishViewController.swift in Sources */ = {isa = PBXBuildFile; fileRef = 936B49A6272680C90017D069 /* DishViewController.swift */; };
		936B49A92726889A0017D069 /* MoreSupplementViewController.swift in Sources */ = {isa = PBXBuildFile; fileRef = 936B49A82726889A0017D069 /* MoreSupplementViewController.swift */; };
		9389083827217AB0001897AF /* HomeModel.swift in Sources */ = {isa = PBXBuildFile; fileRef = 9389083727217AB0001897AF /* HomeModel.swift */; };
		938BC98C2725718A00C78AE8 /* MoreDishViewController.swift in Sources */ = {isa = PBXBuildFile; fileRef = 938BC98B2725718900C78AE8 /* MoreDishViewController.swift */; };
		93981BF8271E682000EB1003 /* AppDelegate.swift in Sources */ = {isa = PBXBuildFile; fileRef = 93981BF7271E682000EB1003 /* AppDelegate.swift */; };
		93981BFA271E682000EB1003 /* SceneDelegate.swift in Sources */ = {isa = PBXBuildFile; fileRef = 93981BF9271E682000EB1003 /* SceneDelegate.swift */; };
		93981BFC271E682000EB1003 /* ViewController.swift in Sources */ = {isa = PBXBuildFile; fileRef = 93981BFB271E682000EB1003 /* ViewController.swift */; };
		93981BFF271E682000EB1003 /* Main.storyboard in Resources */ = {isa = PBXBuildFile; fileRef = 93981BFD271E682000EB1003 /* Main.storyboard */; };
		93981C01271E682500EB1003 /* Assets.xcassets in Resources */ = {isa = PBXBuildFile; fileRef = 93981C00271E682500EB1003 /* Assets.xcassets */; };
		93981C04271E682500EB1003 /* LaunchScreen.storyboard in Resources */ = {isa = PBXBuildFile; fileRef = 93981C02271E682500EB1003 /* LaunchScreen.storyboard */; };
		93981C0F271E682600EB1003 /* TreeFoodTests.swift in Sources */ = {isa = PBXBuildFile; fileRef = 93981C0E271E682600EB1003 /* TreeFoodTests.swift */; };
		93981C19271E682600EB1003 /* TreeFoodUITests.swift in Sources */ = {isa = PBXBuildFile; fileRef = 93981C18271E682600EB1003 /* TreeFoodUITests.swift */; };
		93981C1B271E682600EB1003 /* TreeFoodUITestsLaunchTests.swift in Sources */ = {isa = PBXBuildFile; fileRef = 93981C1A271E682600EB1003 /* TreeFoodUITestsLaunchTests.swift */; };
		939D160F27298B5A00E02F8D /* DishDetailViewController.swift in Sources */ = {isa = PBXBuildFile; fileRef = 939D160E27298B5A00E02F8D /* DishDetailViewController.swift */; };
		93E543E8271FD90F00E6DE66 /* record.json in Resources */ = {isa = PBXBuildFile; fileRef = 93E543E5271FD90F00E6DE66 /* record.json */; };
		93E543E9271FD90F00E6DE66 /* homeList.json in Resources */ = {isa = PBXBuildFile; fileRef = 93E543E6271FD90F00E6DE66 /* homeList.json */; };
		93E543EA271FD90F00E6DE66 /* add.json in Resources */ = {isa = PBXBuildFile; fileRef = 93E543E7271FD90F00E6DE66 /* add.json */; };
		93E543EC271FE24400E6DE66 /* HomeBaseCollectionViewCell.swift in Sources */ = {isa = PBXBuildFile; fileRef = 93E543EB271FE24400E6DE66 /* HomeBaseCollectionViewCell.swift */; };
		93E543EE271FECDC00E6DE66 /* SearchCollectionViewCell.swift in Sources */ = {isa = PBXBuildFile; fileRef = 93E543ED271FECDC00E6DE66 /* SearchCollectionViewCell.swift */; };
		93E543F0271FECF000E6DE66 /* RecommendCollectionViewCell.swift in Sources */ = {isa = PBXBuildFile; fileRef = 93E543EF271FECF000E6DE66 /* RecommendCollectionViewCell.swift */; };
		93E543F2271FED1000E6DE66 /* SupplementCollectionViewCell.swift in Sources */ = {isa = PBXBuildFile; fileRef = 93E543F1271FED1000E6DE66 /* SupplementCollectionViewCell.swift */; };
		93E543F4271FED1F00E6DE66 /* SuggestCollectionViewCell.swift in Sources */ = {isa = PBXBuildFile; fileRef = 93E543F3271FED1F00E6DE66 /* SuggestCollectionViewCell.swift */; };
		93E543F6271FED5C00E6DE66 /* PreferenceCollectionViewCell.swift in Sources */ = {isa = PBXBuildFile; fileRef = 93E543F5271FED5C00E6DE66 /* PreferenceCollectionViewCell.swift */; };
/* End PBXBuildFile section */

/* Begin PBXContainerItemProxy section */
		93981C0B271E682600EB1003 /* PBXContainerItemProxy */ = {
			isa = PBXContainerItemProxy;
			containerPortal = 93981BEC271E682000EB1003 /* Project object */;
			proxyType = 1;
			remoteGlobalIDString = 93981BF3271E682000EB1003;
			remoteInfo = TreeFood;
		};
		93981C15271E682600EB1003 /* PBXContainerItemProxy */ = {
			isa = PBXContainerItemProxy;
			containerPortal = 93981BEC271E682000EB1003 /* Project object */;
			proxyType = 1;
			remoteGlobalIDString = 93981BF3271E682000EB1003;
			remoteInfo = TreeFood;
		};
/* End PBXContainerItemProxy section */

/* Begin PBXFileReference section */
		1AA3784D92CF15B6DDB5F620 /* Pods-TreeFood.release.xcconfig */ = {isa = PBXFileReference; includeInIndex = 1; lastKnownFileType = text.xcconfig; name = "Pods-TreeFood.release.xcconfig"; path = "Target Support Files/Pods-TreeFood/Pods-TreeFood.release.xcconfig"; sourceTree = "<group>"; };
		5273B4DA82728CEB79516E72 /* Pods_TreeFood.framework */ = {isa = PBXFileReference; explicitFileType = wrapper.framework; includeInIndex = 0; path = Pods_TreeFood.framework; sourceTree = BUILT_PRODUCTS_DIR; };
		9311F588272D21E900610838 /* SupplementDetailViewController.swift */ = {isa = PBXFileReference; lastKnownFileType = sourcecode.swift; path = SupplementDetailViewController.swift; sourceTree = "<group>"; };
		931C265F272B828300EACD31 /* DishContentView.swift */ = {isa = PBXFileReference; lastKnownFileType = sourcecode.swift; path = DishContentView.swift; sourceTree = "<group>"; };
		931C2661272B85C400EACD31 /* ingredientsCell.swift */ = {isa = PBXFileReference; lastKnownFileType = sourcecode.swift; path = ingredientsCell.swift; sourceTree = "<group>"; };
		9325EEE3272EA834004ECF78 /* SearchViewController.swift */ = {isa = PBXFileReference; lastKnownFileType = sourcecode.swift; path = SearchViewController.swift; sourceTree = "<group>"; };
		93449AAB271E722F0094AA60 /* HomeViewController.swift */ = {isa = PBXFileReference; lastKnownFileType = sourcecode.swift; path = HomeViewController.swift; sourceTree = "<group>"; };
		93449AB0271E729B0094AA60 /* MineViewController.swift */ = {isa = PBXFileReference; lastKnownFileType = sourcecode.swift; path = MineViewController.swift; sourceTree = "<group>"; };
		93449AB5271E72E60094AA60 /* RecordViewController.swift */ = {isa = PBXFileReference; lastKnownFileType = sourcecode.swift; path = RecordViewController.swift; sourceTree = "<group>"; };
		93449ABA271E73630094AA60 /* AnalyzeViewController.swift */ = {isa = PBXFileReference; lastKnownFileType = sourcecode.swift; path = AnalyzeViewController.swift; sourceTree = "<group>"; };
		93449ABD271E740E0094AA60 /* Launch.swift */ = {isa = PBXFileReference; lastKnownFileType = sourcecode.swift; path = Launch.swift; sourceTree = "<group>"; };
		93449AC2271EA1A00094AA60 /* BarContentView.swift */ = {isa = PBXFileReference; lastKnownFileType = sourcecode.swift; path = BarContentView.swift; sourceTree = "<group>"; };
		93449AC4271EA5FD0094AA60 /* Extension.swift */ = {isa = PBXFileReference; lastKnownFileType = sourcecode.swift; path = Extension.swift; sourceTree = "<group>"; };
		93449AC6271EA61D0094AA60 /* Const.swift */ = {isa = PBXFileReference; lastKnownFileType = sourcecode.swift; path = Const.swift; sourceTree = "<group>"; };
		93449AC8271EAEFB0094AA60 /* BaseNavigationController.swift */ = {isa = PBXFileReference; lastKnownFileType = sourcecode.swift; path = BaseNavigationController.swift; sourceTree = "<group>"; };
		93449ACA271ED9720094AA60 /* AddView.swift */ = {isa = PBXFileReference; lastKnownFileType = sourcecode.swift; path = AddView.swift; sourceTree = "<group>"; };
		936841F9273263CE00404810 /* MIneBodyTableViewCell.swift */ = {isa = PBXFileReference; lastKnownFileType = sourcecode.swift; path = MIneBodyTableViewCell.swift; sourceTree = "<group>"; };
		936841FB273263DF00404810 /* MineHeadTableViewCell.swift */ = {isa = PBXFileReference; lastKnownFileType = sourcecode.swift; path = MineHeadTableViewCell.swift; sourceTree = "<group>"; };
		936841FD273263FA00404810 /* MineModel.swift */ = {isa = PBXFileReference; lastKnownFileType = sourcecode.swift; path = MineModel.swift; sourceTree = "<group>"; };
		936B49A6272680C90017D069 /* DishViewController.swift */ = {isa = PBXFileReference; lastKnownFileType = sourcecode.swift; path = DishViewController.swift; sourceTree = "<group>"; };
		936B49A82726889A0017D069 /* MoreSupplementViewController.swift */ = {isa = PBXFileReference; lastKnownFileType = sourcecode.swift; path = MoreSupplementViewController.swift; sourceTree = "<group>"; };
		9389083727217AB0001897AF /* HomeModel.swift */ = {isa = PBXFileReference; lastKnownFileType = sourcecode.swift; path = HomeModel.swift; sourceTree = "<group>"; };
		938BC98B2725718900C78AE8 /* MoreDishViewController.swift */ = {isa = PBXFileReference; lastKnownFileType = sourcecode.swift; path = MoreDishViewController.swift; sourceTree = "<group>"; };
		93981BF4271E682000EB1003 /* TreeFood.app */ = {isa = PBXFileReference; explicitFileType = wrapper.application; includeInIndex = 0; path = TreeFood.app; sourceTree = BUILT_PRODUCTS_DIR; };
		93981BF7271E682000EB1003 /* AppDelegate.swift */ = {isa = PBXFileReference; lastKnownFileType = sourcecode.swift; path = AppDelegate.swift; sourceTree = "<group>"; };
		93981BF9271E682000EB1003 /* SceneDelegate.swift */ = {isa = PBXFileReference; lastKnownFileType = sourcecode.swift; path = SceneDelegate.swift; sourceTree = "<group>"; };
		93981BFB271E682000EB1003 /* ViewController.swift */ = {isa = PBXFileReference; lastKnownFileType = sourcecode.swift; path = ViewController.swift; sourceTree = "<group>"; };
		93981BFE271E682000EB1003 /* Base */ = {isa = PBXFileReference; lastKnownFileType = file.storyboard; name = Base; path = Base.lproj/Main.storyboard; sourceTree = "<group>"; };
		93981C00271E682500EB1003 /* Assets.xcassets */ = {isa = PBXFileReference; lastKnownFileType = folder.assetcatalog; path = Assets.xcassets; sourceTree = "<group>"; };
		93981C03271E682500EB1003 /* Base */ = {isa = PBXFileReference; lastKnownFileType = file.storyboard; name = Base; path = Base.lproj/LaunchScreen.storyboard; sourceTree = "<group>"; };
		93981C05271E682500EB1003 /* Info.plist */ = {isa = PBXFileReference; lastKnownFileType = text.plist.xml; path = Info.plist; sourceTree = "<group>"; };
		93981C0A271E682600EB1003 /* TreeFoodTests.xctest */ = {isa = PBXFileReference; explicitFileType = wrapper.cfbundle; includeInIndex = 0; path = TreeFoodTests.xctest; sourceTree = BUILT_PRODUCTS_DIR; };
		93981C0E271E682600EB1003 /* TreeFoodTests.swift */ = {isa = PBXFileReference; lastKnownFileType = sourcecode.swift; path = TreeFoodTests.swift; sourceTree = "<group>"; };
		93981C14271E682600EB1003 /* TreeFoodUITests.xctest */ = {isa = PBXFileReference; explicitFileType = wrapper.cfbundle; includeInIndex = 0; path = TreeFoodUITests.xctest; sourceTree = BUILT_PRODUCTS_DIR; };
		93981C18271E682600EB1003 /* TreeFoodUITests.swift */ = {isa = PBXFileReference; lastKnownFileType = sourcecode.swift; path = TreeFoodUITests.swift; sourceTree = "<group>"; };
		93981C1A271E682600EB1003 /* TreeFoodUITestsLaunchTests.swift */ = {isa = PBXFileReference; lastKnownFileType = sourcecode.swift; path = TreeFoodUITestsLaunchTests.swift; sourceTree = "<group>"; };
		939D160E27298B5A00E02F8D /* DishDetailViewController.swift */ = {isa = PBXFileReference; lastKnownFileType = sourcecode.swift; path = DishDetailViewController.swift; sourceTree = "<group>"; };
		93E543E5271FD90F00E6DE66 /* record.json */ = {isa = PBXFileReference; fileEncoding = 4; lastKnownFileType = text.json; path = record.json; sourceTree = "<group>"; };
		93E543E6271FD90F00E6DE66 /* homeList.json */ = {isa = PBXFileReference; fileEncoding = 4; lastKnownFileType = text.json; path = homeList.json; sourceTree = "<group>"; };
		93E543E7271FD90F00E6DE66 /* add.json */ = {isa = PBXFileReference; fileEncoding = 4; lastKnownFileType = text.json; path = add.json; sourceTree = "<group>"; };
		93E543EB271FE24400E6DE66 /* HomeBaseCollectionViewCell.swift */ = {isa = PBXFileReference; lastKnownFileType = sourcecode.swift; path = HomeBaseCollectionViewCell.swift; sourceTree = "<group>"; };
		93E543ED271FECDC00E6DE66 /* SearchCollectionViewCell.swift */ = {isa = PBXFileReference; lastKnownFileType = sourcecode.swift; path = SearchCollectionViewCell.swift; sourceTree = "<group>"; };
		93E543EF271FECF000E6DE66 /* RecommendCollectionViewCell.swift */ = {isa = PBXFileReference; lastKnownFileType = sourcecode.swift; path = RecommendCollectionViewCell.swift; sourceTree = "<group>"; };
		93E543F1271FED1000E6DE66 /* SupplementCollectionViewCell.swift */ = {isa = PBXFileReference; lastKnownFileType = sourcecode.swift; path = SupplementCollectionViewCell.swift; sourceTree = "<group>"; };
		93E543F3271FED1F00E6DE66 /* SuggestCollectionViewCell.swift */ = {isa = PBXFileReference; lastKnownFileType = sourcecode.swift; path = SuggestCollectionViewCell.swift; sourceTree = "<group>"; };
		93E543F5271FED5C00E6DE66 /* PreferenceCollectionViewCell.swift */ = {isa = PBXFileReference; lastKnownFileType = sourcecode.swift; path = PreferenceCollectionViewCell.swift; sourceTree = "<group>"; };
		E249620CA0C60C818E7DBBD1 /* Pods-TreeFood.debug.xcconfig */ = {isa = PBXFileReference; includeInIndex = 1; lastKnownFileType = text.xcconfig; name = "Pods-TreeFood.debug.xcconfig"; path = "Target Support Files/Pods-TreeFood/Pods-TreeFood.debug.xcconfig"; sourceTree = "<group>"; };
/* End PBXFileReference section */

/* Begin PBXFrameworksBuildPhase section */
		93981BF1271E682000EB1003 /* Frameworks */ = {
			isa = PBXFrameworksBuildPhase;
			buildActionMask = 2147483647;
			files = (
				3E91D6DE25A7A3EC13650861 /* Pods_TreeFood.framework in Frameworks */,
			);
			runOnlyForDeploymentPostprocessing = 0;
		};
		93981C07271E682600EB1003 /* Frameworks */ = {
			isa = PBXFrameworksBuildPhase;
			buildActionMask = 2147483647;
			files = (
			);
			runOnlyForDeploymentPostprocessing = 0;
		};
		93981C11271E682600EB1003 /* Frameworks */ = {
			isa = PBXFrameworksBuildPhase;
			buildActionMask = 2147483647;
			files = (
			);
			runOnlyForDeploymentPostprocessing = 0;
		};
/* End PBXFrameworksBuildPhase section */

/* Begin PBXGroup section */
		4604814E860B95E01F2E5035 /* Pods */ = {
			isa = PBXGroup;
			children = (
				E249620CA0C60C818E7DBBD1 /* Pods-TreeFood.debug.xcconfig */,
				1AA3784D92CF15B6DDB5F620 /* Pods-TreeFood.release.xcconfig */,
			);
			path = Pods;
			sourceTree = "<group>";
		};
		9311F587272D21C000610838 /* View - Cell */ = {
			isa = PBXGroup;
			children = (
				931C2661272B85C400EACD31 /* ingredientsCell.swift */,
				931C265F272B828300EACD31 /* DishContentView.swift */,
			);
			path = "View - Cell";
			sourceTree = "<group>";
		};
		93449AA5271E71320094AA60 /* Analyze */ = {
			isa = PBXGroup;
			children = (
				93449AB9271E73390094AA60 /* View - Cell */,
				93449AB8271E732E0094AA60 /* Model */,
				93449AB7271E72F10094AA60 /* Analyze - Two */,
				93449ABA271E73630094AA60 /* AnalyzeViewController.swift */,
			);
			path = Analyze;
			sourceTree = "<group>";
		};
		93449AA6271E71540094AA60 /* Extension+Const */ = {
			isa = PBXGroup;
			children = (
				93449AC4271EA5FD0094AA60 /* Extension.swift */,
				93449AC6271EA61D0094AA60 /* Const.swift */,
				93449AC8271EAEFB0094AA60 /* BaseNavigationController.swift */,
			);
			path = "Extension+Const";
			sourceTree = "<group>";
		};
		93449AA7271E71C70094AA60 /* Add */ = {
			isa = PBXGroup;
			children = (
				93449ACA271ED9720094AA60 /* AddView.swift */,
			);
			path = Add;
			sourceTree = "<group>";
		};
		93449AA8271E71ED0094AA60 /* Home - Two */ = {
			isa = PBXGroup;
			children = (
				9311F587272D21C000610838 /* View - Cell */,
				938BC98B2725718900C78AE8 /* MoreDishViewController.swift */,
				9311F588272D21E900610838 /* SupplementDetailViewController.swift */,
				936B49A6272680C90017D069 /* DishViewController.swift */,
				936B49A82726889A0017D069 /* MoreSupplementViewController.swift */,
				939D160E27298B5A00E02F8D /* DishDetailViewController.swift */,
				9325EEE3272EA834004ECF78 /* SearchViewController.swift */,
			);
			path = "Home - Two";
			sourceTree = "<group>";
		};
		93449AA9271E72070094AA60 /* Model */ = {
			isa = PBXGroup;
			children = (
				9389083727217AB0001897AF /* HomeModel.swift */,
			);
			path = Model;
			sourceTree = "<group>";
		};
		93449AAA271E72100094AA60 /* View - Cell */ = {
			isa = PBXGroup;
			children = (
				93E543EB271FE24400E6DE66 /* HomeBaseCollectionViewCell.swift */,
				93E543ED271FECDC00E6DE66 /* SearchCollectionViewCell.swift */,
				93E543EF271FECF000E6DE66 /* RecommendCollectionViewCell.swift */,
				93E543F1271FED1000E6DE66 /* SupplementCollectionViewCell.swift */,
				93E543F3271FED1F00E6DE66 /* SuggestCollectionViewCell.swift */,
				93E543F5271FED5C00E6DE66 /* PreferenceCollectionViewCell.swift */,
			);
			path = "View - Cell";
			sourceTree = "<group>";
		};
		93449AAD271E72570094AA60 /* Mine - Two */ = {
			isa = PBXGroup;
			children = (
			);
			path = "Mine - Two";
			sourceTree = "<group>";
		};
		93449AAE271E72680094AA60 /* Model */ = {
			isa = PBXGroup;
			children = (
				936841FD273263FA00404810 /* MineModel.swift */,
			);
			path = Model;
			sourceTree = "<group>";
		};
		93449AAF271E72760094AA60 /* View - Cell */ = {
			isa = PBXGroup;
			children = (
				936841F9273263CE00404810 /* MIneBodyTableViewCell.swift */,
				936841FB273263DF00404810 /* MineHeadTableViewCell.swift */,
			);
			path = "View - Cell";
			sourceTree = "<group>";
		};
		93449AB2271E72B50094AA60 /* Record - Two */ = {
			isa = PBXGroup;
			children = (
			);
			path = "Record - Two";
			sourceTree = "<group>";
		};
		93449AB3271E72C00094AA60 /* Model */ = {
			isa = PBXGroup;
			children = (
			);
			path = Model;
			sourceTree = "<group>";
		};
		93449AB4271E72CD0094AA60 /* View - Cell */ = {
			isa = PBXGroup;
			children = (
			);
			path = "View - Cell";
			sourceTree = "<group>";
		};
		93449AB7271E72F10094AA60 /* Analyze - Two */ = {
			isa = PBXGroup;
			children = (
			);
			path = "Analyze - Two";
			sourceTree = "<group>";
		};
		93449AB8271E732E0094AA60 /* Model */ = {
			isa = PBXGroup;
			children = (
			);
			path = Model;
			sourceTree = "<group>";
		};
		93449AB9271E73390094AA60 /* View - Cell */ = {
			isa = PBXGroup;
			children = (
			);
			path = "View - Cell";
			sourceTree = "<group>";
		};
		93449ABC271E73940094AA60 /* Launch */ = {
			isa = PBXGroup;
			children = (
				93449ABD271E740E0094AA60 /* Launch.swift */,
				93449AC2271EA1A00094AA60 /* BarContentView.swift */,
			);
			path = Launch;
			sourceTree = "<group>";
		};
		93981BEB271E682000EB1003 = {
			isa = PBXGroup;
			children = (
				FDA33306DEB8FF44452F4E0E /* Frameworks */,
				4604814E860B95E01F2E5035 /* Pods */,
				93981BF5271E682000EB1003 /* Products */,
				93981BF6271E682000EB1003 /* TreeFood */,
				93981C0D271E682600EB1003 /* TreeFoodTests */,
				93981C17271E682600EB1003 /* TreeFoodUITests */,
			);
			sourceTree = "<group>";
		};
		93981BF5271E682000EB1003 /* Products */ = {
			isa = PBXGroup;
			children = (
				93981BF4271E682000EB1003 /* TreeFood.app */,
				93981C0A271E682600EB1003 /* TreeFoodTests.xctest */,
				93981C14271E682600EB1003 /* TreeFoodUITests.xctest */,
			);
			name = Products;
			sourceTree = "<group>";
		};
		93981BF6271E682000EB1003 /* TreeFood */ = {
			isa = PBXGroup;
			children = (
				93981C02271E682500EB1003 /* LaunchScreen.storyboard */,
				93981BFD271E682000EB1003 /* Main.storyboard */,
				93981C05271E682500EB1003 /* Info.plist */,
				93981BF7271E682000EB1003 /* AppDelegate.swift */,
				93981BF9271E682000EB1003 /* SceneDelegate.swift */,
				93981BFB271E682000EB1003 /* ViewController.swift */,
				93981C00271E682500EB1003 /* Assets.xcassets */,
				93449AA6271E71540094AA60 /* Extension+Const */,
				93449AA7271E71C70094AA60 /* Add */,
				93449AA5271E71320094AA60 /* Analyze */,
				93E543E4271FD8CF00E6DE66 /* Data */,
				93BE47FF271E7013001ED671 /* Home */,
				93449ABC271E73940094AA60 /* Launch */,
				93BE4800271E701C001ED671 /* Mine */,
				93BE4801271E7025001ED671 /* Record */,
			);
			path = TreeFood;
			sourceTree = "<group>";
		};
		93981C0D271E682600EB1003 /* TreeFoodTests */ = {
			isa = PBXGroup;
			children = (
				93981C0E271E682600EB1003 /* TreeFoodTests.swift */,
			);
			path = TreeFoodTests;
			sourceTree = "<group>";
		};
		93981C17271E682600EB1003 /* TreeFoodUITests */ = {
			isa = PBXGroup;
			children = (
				93981C18271E682600EB1003 /* TreeFoodUITests.swift */,
				93981C1A271E682600EB1003 /* TreeFoodUITestsLaunchTests.swift */,
			);
			path = TreeFoodUITests;
			sourceTree = "<group>";
		};
		93BE47FF271E7013001ED671 /* Home */ = {
			isa = PBXGroup;
			children = (
				93449AAA271E72100094AA60 /* View - Cell */,
				93449AA9271E72070094AA60 /* Model */,
				93449AA8271E71ED0094AA60 /* Home - Two */,
				93449AAB271E722F0094AA60 /* HomeViewController.swift */,
			);
			path = Home;
			sourceTree = "<group>";
		};
		93BE4800271E701C001ED671 /* Mine */ = {
			isa = PBXGroup;
			children = (
				93449AAF271E72760094AA60 /* View - Cell */,
				93449AAE271E72680094AA60 /* Model */,
				93449AAD271E72570094AA60 /* Mine - Two */,
				93449AB0271E729B0094AA60 /* MineViewController.swift */,
			);
			path = Mine;
			sourceTree = "<group>";
		};
		93BE4801271E7025001ED671 /* Record */ = {
			isa = PBXGroup;
			children = (
				93449AB4271E72CD0094AA60 /* View - Cell */,
				93449AB3271E72C00094AA60 /* Model */,
				93449AB2271E72B50094AA60 /* Record - Two */,
				93449AB5271E72E60094AA60 /* RecordViewController.swift */,
			);
			path = Record;
			sourceTree = "<group>";
		};
		93E543E4271FD8CF00E6DE66 /* Data */ = {
			isa = PBXGroup;
			children = (
				93E543E7271FD90F00E6DE66 /* add.json */,
				93E543E6271FD90F00E6DE66 /* homeList.json */,
				93E543E5271FD90F00E6DE66 /* record.json */,
			);
			path = Data;
			sourceTree = "<group>";
		};
		FDA33306DEB8FF44452F4E0E /* Frameworks */ = {
			isa = PBXGroup;
			children = (
				5273B4DA82728CEB79516E72 /* Pods_TreeFood.framework */,
			);
			name = Frameworks;
			sourceTree = "<group>";
		};
/* End PBXGroup section */

/* Begin PBXNativeTarget section */
		93981BF3271E682000EB1003 /* TreeFood */ = {
			isa = PBXNativeTarget;
			buildConfigurationList = 93981C1E271E682600EB1003 /* Build configuration list for PBXNativeTarget "TreeFood" */;
			buildPhases = (
				6C2CF1A3740F6A4968AEDDBA /* [CP] Check Pods Manifest.lock */,
				93981BF0271E682000EB1003 /* Sources */,
				93981BF1271E682000EB1003 /* Frameworks */,
				93981BF2271E682000EB1003 /* Resources */,
				0CF1ACC4FE6C0140B609AA40 /* [CP] Embed Pods Frameworks */,
			);
			buildRules = (
			);
			dependencies = (
			);
			name = TreeFood;
			productName = TreeFood;
			productReference = 93981BF4271E682000EB1003 /* TreeFood.app */;
			productType = "com.apple.product-type.application";
		};
		93981C09271E682600EB1003 /* TreeFoodTests */ = {
			isa = PBXNativeTarget;
			buildConfigurationList = 93981C21271E682600EB1003 /* Build configuration list for PBXNativeTarget "TreeFoodTests" */;
			buildPhases = (
				93981C06271E682600EB1003 /* Sources */,
				93981C07271E682600EB1003 /* Frameworks */,
				93981C08271E682600EB1003 /* Resources */,
			);
			buildRules = (
			);
			dependencies = (
				93981C0C271E682600EB1003 /* PBXTargetDependency */,
			);
			name = TreeFoodTests;
			productName = TreeFoodTests;
			productReference = 93981C0A271E682600EB1003 /* TreeFoodTests.xctest */;
			productType = "com.apple.product-type.bundle.unit-test";
		};
		93981C13271E682600EB1003 /* TreeFoodUITests */ = {
			isa = PBXNativeTarget;
			buildConfigurationList = 93981C24271E682600EB1003 /* Build configuration list for PBXNativeTarget "TreeFoodUITests" */;
			buildPhases = (
				93981C10271E682600EB1003 /* Sources */,
				93981C11271E682600EB1003 /* Frameworks */,
				93981C12271E682600EB1003 /* Resources */,
			);
			buildRules = (
			);
			dependencies = (
				93981C16271E682600EB1003 /* PBXTargetDependency */,
			);
			name = TreeFoodUITests;
			productName = TreeFoodUITests;
			productReference = 93981C14271E682600EB1003 /* TreeFoodUITests.xctest */;
			productType = "com.apple.product-type.bundle.ui-testing";
		};
/* End PBXNativeTarget section */

/* Begin PBXProject section */
		93981BEC271E682000EB1003 /* Project object */ = {
			isa = PBXProject;
			attributes = {
				BuildIndependentTargetsInParallel = 1;
				LastSwiftUpdateCheck = 1300;
				LastUpgradeCheck = 1300;
				TargetAttributes = {
					93981BF3271E682000EB1003 = {
						CreatedOnToolsVersion = 13.0;
					};
					93981C09271E682600EB1003 = {
						CreatedOnToolsVersion = 13.0;
						TestTargetID = 93981BF3271E682000EB1003;
					};
					93981C13271E682600EB1003 = {
						CreatedOnToolsVersion = 13.0;
						TestTargetID = 93981BF3271E682000EB1003;
					};
				};
			};
			buildConfigurationList = 93981BEF271E682000EB1003 /* Build configuration list for PBXProject "TreeFood" */;
			compatibilityVersion = "Xcode 13.0";
			developmentRegion = en;
			hasScannedForEncodings = 0;
			knownRegions = (
				en,
				Base,
			);
			mainGroup = 93981BEB271E682000EB1003;
			productRefGroup = 93981BF5271E682000EB1003 /* Products */;
			projectDirPath = "";
			projectRoot = "";
			targets = (
				93981BF3271E682000EB1003 /* TreeFood */,
				93981C09271E682600EB1003 /* TreeFoodTests */,
				93981C13271E682600EB1003 /* TreeFoodUITests */,
			);
		};
/* End PBXProject section */

/* Begin PBXResourcesBuildPhase section */
		93981BF2271E682000EB1003 /* Resources */ = {
			isa = PBXResourcesBuildPhase;
			buildActionMask = 2147483647;
			files = (
				93981C04271E682500EB1003 /* LaunchScreen.storyboard in Resources */,
				93981C01271E682500EB1003 /* Assets.xcassets in Resources */,
				93981BFF271E682000EB1003 /* Main.storyboard in Resources */,
				93E543E9271FD90F00E6DE66 /* homeList.json in Resources */,
				93E543E8271FD90F00E6DE66 /* record.json in Resources */,
				93E543EA271FD90F00E6DE66 /* add.json in Resources */,
			);
			runOnlyForDeploymentPostprocessing = 0;
		};
		93981C08271E682600EB1003 /* Resources */ = {
			isa = PBXResourcesBuildPhase;
			buildActionMask = 2147483647;
			files = (
			);
			runOnlyForDeploymentPostprocessing = 0;
		};
		93981C12271E682600EB1003 /* Resources */ = {
			isa = PBXResourcesBuildPhase;
			buildActionMask = 2147483647;
			files = (
			);
			runOnlyForDeploymentPostprocessing = 0;
		};
/* End PBXResourcesBuildPhase section */

/* Begin PBXShellScriptBuildPhase section */
		0CF1ACC4FE6C0140B609AA40 /* [CP] Embed Pods Frameworks */ = {
			isa = PBXShellScriptBuildPhase;
			buildActionMask = 2147483647;
			files = (
			);
			inputFileListPaths = (
				"${PODS_ROOT}/Target Support Files/Pods-TreeFood/Pods-TreeFood-frameworks-${CONFIGURATION}-input-files.xcfilelist",
			);
			name = "[CP] Embed Pods Frameworks";
			outputFileListPaths = (
				"${PODS_ROOT}/Target Support Files/Pods-TreeFood/Pods-TreeFood-frameworks-${CONFIGURATION}-output-files.xcfilelist",
			);
			runOnlyForDeploymentPostprocessing = 0;
			shellPath = /bin/sh;
			shellScript = "\"${PODS_ROOT}/Target Support Files/Pods-TreeFood/Pods-TreeFood-frameworks.sh\"\n";
			showEnvVarsInLog = 0;
		};
		6C2CF1A3740F6A4968AEDDBA /* [CP] Check Pods Manifest.lock */ = {
			isa = PBXShellScriptBuildPhase;
			buildActionMask = 2147483647;
			files = (
			);
			inputFileListPaths = (
			);
			inputPaths = (
				"${PODS_PODFILE_DIR_PATH}/Podfile.lock",
				"${PODS_ROOT}/Manifest.lock",
			);
			name = "[CP] Check Pods Manifest.lock";
			outputFileListPaths = (
			);
			outputPaths = (
				"$(DERIVED_FILE_DIR)/Pods-TreeFood-checkManifestLockResult.txt",
			);
			runOnlyForDeploymentPostprocessing = 0;
			shellPath = /bin/sh;
			shellScript = "diff \"${PODS_PODFILE_DIR_PATH}/Podfile.lock\" \"${PODS_ROOT}/Manifest.lock\" > /dev/null\nif [ $? != 0 ] ; then\n    # print error to STDERR\n    echo \"error: The sandbox is not in sync with the Podfile.lock. Run 'pod install' or update your CocoaPods installation.\" >&2\n    exit 1\nfi\n# This output is used by Xcode 'outputs' to avoid re-running this script phase.\necho \"SUCCESS\" > \"${SCRIPT_OUTPUT_FILE_0}\"\n";
			showEnvVarsInLog = 0;
		};
/* End PBXShellScriptBuildPhase section */

/* Begin PBXSourcesBuildPhase section */
		93981BF0271E682000EB1003 /* Sources */ = {
			isa = PBXSourcesBuildPhase;
			buildActionMask = 2147483647;
			files = (
				93449ACB271ED9720094AA60 /* AddView.swift in Sources */,
				93449ABB271E73630094AA60 /* AnalyzeViewController.swift in Sources */,
				93E543EC271FE24400E6DE66 /* HomeBaseCollectionViewCell.swift in Sources */,
				93449AC3271EA1A00094AA60 /* BarContentView.swift in Sources */,
				936B49A92726889A0017D069 /* MoreSupplementViewController.swift in Sources */,
				93981BFC271E682000EB1003 /* ViewController.swift in Sources */,
				93981BF8271E682000EB1003 /* AppDelegate.swift in Sources */,
				936841FE273263FA00404810 /* MineModel.swift in Sources */,
				936B49A7272680C90017D069 /* DishViewController.swift in Sources */,
				93981BFA271E682000EB1003 /* SceneDelegate.swift in Sources */,
				93E543F0271FECF000E6DE66 /* RecommendCollectionViewCell.swift in Sources */,
				936841FC273263DF00404810 /* MineHeadTableViewCell.swift in Sources */,
				9389083827217AB0001897AF /* HomeModel.swift in Sources */,
				938BC98C2725718A00C78AE8 /* MoreDishViewController.swift in Sources */,
				93449AC5271EA5FD0094AA60 /* Extension.swift in Sources */,
				93449AB6271E72E60094AA60 /* RecordViewController.swift in Sources */,
				93449ABE271E740E0094AA60 /* Launch.swift in Sources */,
				939D160F27298B5A00E02F8D /* DishDetailViewController.swift in Sources */,
				936841FA273263CE00404810 /* MIneBodyTableViewCell.swift in Sources */,
				9311F589272D21E900610838 /* SupplementDetailViewController.swift in Sources */,
				93E543F6271FED5C00E6DE66 /* PreferenceCollectionViewCell.swift in Sources */,
				931C2660272B828300EACD31 /* DishContentView.swift in Sources */,
				93449AC9271EAEFB0094AA60 /* BaseNavigationController.swift in Sources */,
				93449AAC271E722F0094AA60 /* HomeViewController.swift in Sources */,
				931C2662272B85C400EACD31 /* ingredientsCell.swift in Sources */,
				9325EEE4272EA835004ECF78 /* SearchViewController.swift in Sources */,
				93449AB1271E729B0094AA60 /* MineViewController.swift in Sources */,
				93449AC7271EA61D0094AA60 /* Const.swift in Sources */,
				93E543F2271FED1000E6DE66 /* SupplementCollectionViewCell.swift in Sources */,
				93E543EE271FECDC00E6DE66 /* SearchCollectionViewCell.swift in Sources */,
				93E543F4271FED1F00E6DE66 /* SuggestCollectionViewCell.swift in Sources */,
			);
			runOnlyForDeploymentPostprocessing = 0;
		};
		93981C06271E682600EB1003 /* Sources */ = {
			isa = PBXSourcesBuildPhase;
			buildActionMask = 2147483647;
			files = (
				93981C0F271E682600EB1003 /* TreeFoodTests.swift in Sources */,
			);
			runOnlyForDeploymentPostprocessing = 0;
		};
		93981C10271E682600EB1003 /* Sources */ = {
			isa = PBXSourcesBuildPhase;
			buildActionMask = 2147483647;
			files = (
				93981C1B271E682600EB1003 /* TreeFoodUITestsLaunchTests.swift in Sources */,
				93981C19271E682600EB1003 /* TreeFoodUITests.swift in Sources */,
			);
			runOnlyForDeploymentPostprocessing = 0;
		};
/* End PBXSourcesBuildPhase section */

/* Begin PBXTargetDependency section */
		93981C0C271E682600EB1003 /* PBXTargetDependency */ = {
			isa = PBXTargetDependency;
			target = 93981BF3271E682000EB1003 /* TreeFood */;
			targetProxy = 93981C0B271E682600EB1003 /* PBXContainerItemProxy */;
		};
		93981C16271E682600EB1003 /* PBXTargetDependency */ = {
			isa = PBXTargetDependency;
			target = 93981BF3271E682000EB1003 /* TreeFood */;
			targetProxy = 93981C15271E682600EB1003 /* PBXContainerItemProxy */;
		};
/* End PBXTargetDependency section */

/* Begin PBXVariantGroup section */
		93981BFD271E682000EB1003 /* Main.storyboard */ = {
			isa = PBXVariantGroup;
			children = (
				93981BFE271E682000EB1003 /* Base */,
			);
			name = Main.storyboard;
			sourceTree = "<group>";
		};
		93981C02271E682500EB1003 /* LaunchScreen.storyboard */ = {
			isa = PBXVariantGroup;
			children = (
				93981C03271E682500EB1003 /* Base */,
			);
			name = LaunchScreen.storyboard;
			sourceTree = "<group>";
		};
/* End PBXVariantGroup section */

/* Begin XCBuildConfiguration section */
		93981C1C271E682600EB1003 /* Debug */ = {
			isa = XCBuildConfiguration;
			buildSettings = {
				ALWAYS_SEARCH_USER_PATHS = NO;
				CLANG_ANALYZER_NONNULL = YES;
				CLANG_ANALYZER_NUMBER_OBJECT_CONVERSION = YES_AGGRESSIVE;
				CLANG_CXX_LANGUAGE_STANDARD = "gnu++17";
				CLANG_CXX_LIBRARY = "libc++";
				CLANG_ENABLE_MODULES = YES;
				CLANG_ENABLE_OBJC_ARC = YES;
				CLANG_ENABLE_OBJC_WEAK = YES;
				CLANG_WARN_BLOCK_CAPTURE_AUTORELEASING = YES;
				CLANG_WARN_BOOL_CONVERSION = YES;
				CLANG_WARN_COMMA = YES;
				CLANG_WARN_CONSTANT_CONVERSION = YES;
				CLANG_WARN_DEPRECATED_OBJC_IMPLEMENTATIONS = YES;
				CLANG_WARN_DIRECT_OBJC_ISA_USAGE = YES_ERROR;
				CLANG_WARN_DOCUMENTATION_COMMENTS = YES;
				CLANG_WARN_EMPTY_BODY = YES;
				CLANG_WARN_ENUM_CONVERSION = YES;
				CLANG_WARN_INFINITE_RECURSION = YES;
				CLANG_WARN_INT_CONVERSION = YES;
				CLANG_WARN_NON_LITERAL_NULL_CONVERSION = YES;
				CLANG_WARN_OBJC_IMPLICIT_RETAIN_SELF = YES;
				CLANG_WARN_OBJC_LITERAL_CONVERSION = YES;
				CLANG_WARN_OBJC_ROOT_CLASS = YES_ERROR;
				CLANG_WARN_QUOTED_INCLUDE_IN_FRAMEWORK_HEADER = YES;
				CLANG_WARN_RANGE_LOOP_ANALYSIS = YES;
				CLANG_WARN_STRICT_PROTOTYPES = YES;
				CLANG_WARN_SUSPICIOUS_MOVE = YES;
				CLANG_WARN_UNGUARDED_AVAILABILITY = YES_AGGRESSIVE;
				CLANG_WARN_UNREACHABLE_CODE = YES;
				CLANG_WARN__DUPLICATE_METHOD_MATCH = YES;
				COPY_PHASE_STRIP = NO;
				DEBUG_INFORMATION_FORMAT = dwarf;
				ENABLE_STRICT_OBJC_MSGSEND = YES;
				ENABLE_TESTABILITY = YES;
				GCC_C_LANGUAGE_STANDARD = gnu11;
				GCC_DYNAMIC_NO_PIC = NO;
				GCC_NO_COMMON_BLOCKS = YES;
				GCC_OPTIMIZATION_LEVEL = 0;
				GCC_PREPROCESSOR_DEFINITIONS = (
					"DEBUG=1",
					"$(inherited)",
				);
				GCC_WARN_64_TO_32_BIT_CONVERSION = YES;
				GCC_WARN_ABOUT_RETURN_TYPE = YES_ERROR;
				GCC_WARN_UNDECLARED_SELECTOR = YES;
				GCC_WARN_UNINITIALIZED_AUTOS = YES_AGGRESSIVE;
				GCC_WARN_UNUSED_FUNCTION = YES;
				GCC_WARN_UNUSED_VARIABLE = YES;
				IPHONEOS_DEPLOYMENT_TARGET = 15.0;
				MTL_ENABLE_DEBUG_INFO = INCLUDE_SOURCE;
				MTL_FAST_MATH = YES;
				ONLY_ACTIVE_ARCH = YES;
				SDKROOT = iphoneos;
				SWIFT_ACTIVE_COMPILATION_CONDITIONS = DEBUG;
				SWIFT_ENABLE_BATCH_MODE = NO;
				SWIFT_OPTIMIZATION_LEVEL = "-Onone";
			};
			name = Debug;
		};
		93981C1D271E682600EB1003 /* Release */ = {
			isa = XCBuildConfiguration;
			buildSettings = {
				ALWAYS_SEARCH_USER_PATHS = NO;
				CLANG_ANALYZER_NONNULL = YES;
				CLANG_ANALYZER_NUMBER_OBJECT_CONVERSION = YES_AGGRESSIVE;
				CLANG_CXX_LANGUAGE_STANDARD = "gnu++17";
				CLANG_CXX_LIBRARY = "libc++";
				CLANG_ENABLE_MODULES = YES;
				CLANG_ENABLE_OBJC_ARC = YES;
				CLANG_ENABLE_OBJC_WEAK = YES;
				CLANG_WARN_BLOCK_CAPTURE_AUTORELEASING = YES;
				CLANG_WARN_BOOL_CONVERSION = YES;
				CLANG_WARN_COMMA = YES;
				CLANG_WARN_CONSTANT_CONVERSION = YES;
				CLANG_WARN_DEPRECATED_OBJC_IMPLEMENTATIONS = YES;
				CLANG_WARN_DIRECT_OBJC_ISA_USAGE = YES_ERROR;
				CLANG_WARN_DOCUMENTATION_COMMENTS = YES;
				CLANG_WARN_EMPTY_BODY = YES;
				CLANG_WARN_ENUM_CONVERSION = YES;
				CLANG_WARN_INFINITE_RECURSION = YES;
				CLANG_WARN_INT_CONVERSION = YES;
				CLANG_WARN_NON_LITERAL_NULL_CONVERSION = YES;
				CLANG_WARN_OBJC_IMPLICIT_RETAIN_SELF = YES;
				CLANG_WARN_OBJC_LITERAL_CONVERSION = YES;
				CLANG_WARN_OBJC_ROOT_CLASS = YES_ERROR;
				CLANG_WARN_QUOTED_INCLUDE_IN_FRAMEWORK_HEADER = YES;
				CLANG_WARN_RANGE_LOOP_ANALYSIS = YES;
				CLANG_WARN_STRICT_PROTOTYPES = YES;
				CLANG_WARN_SUSPICIOUS_MOVE = YES;
				CLANG_WARN_UNGUARDED_AVAILABILITY = YES_AGGRESSIVE;
				CLANG_WARN_UNREACHABLE_CODE = YES;
				CLANG_WARN__DUPLICATE_METHOD_MATCH = YES;
				COPY_PHASE_STRIP = NO;
				DEBUG_INFORMATION_FORMAT = "dwarf-with-dsym";
				ENABLE_NS_ASSERTIONS = NO;
				ENABLE_STRICT_OBJC_MSGSEND = YES;
				GCC_C_LANGUAGE_STANDARD = gnu11;
				GCC_NO_COMMON_BLOCKS = YES;
				GCC_WARN_64_TO_32_BIT_CONVERSION = YES;
				GCC_WARN_ABOUT_RETURN_TYPE = YES_ERROR;
				GCC_WARN_UNDECLARED_SELECTOR = YES;
				GCC_WARN_UNINITIALIZED_AUTOS = YES_AGGRESSIVE;
				GCC_WARN_UNUSED_FUNCTION = YES;
				GCC_WARN_UNUSED_VARIABLE = YES;
				IPHONEOS_DEPLOYMENT_TARGET = 15.0;
				MTL_ENABLE_DEBUG_INFO = NO;
				MTL_FAST_MATH = YES;
				SDKROOT = iphoneos;
				SWIFT_COMPILATION_MODE = wholemodule;
				SWIFT_ENABLE_BATCH_MODE = NO;
				SWIFT_OPTIMIZATION_LEVEL = "-O";
				VALIDATE_PRODUCT = YES;
			};
			name = Release;
		};
		93981C1F271E682600EB1003 /* Debug */ = {
			isa = XCBuildConfiguration;
			baseConfigurationReference = E249620CA0C60C818E7DBBD1 /* Pods-TreeFood.debug.xcconfig */;
			buildSettings = {
				ALWAYS_EMBED_SWIFT_STANDARD_LIBRARIES = YES;
				ASSETCATALOG_COMPILER_APPICON_NAME = AppIcon;
				ASSETCATALOG_COMPILER_GLOBAL_ACCENT_COLOR_NAME = AccentColor;
				CODE_SIGN_STYLE = Automatic;
				CURRENT_PROJECT_VERSION = 20211019;
				DEVELOPMENT_TEAM = J3HD9656AL;
				GENERATE_INFOPLIST_FILE = YES;
				INFOPLIST_FILE = TreeFood/Info.plist;
				INFOPLIST_KEY_UIApplicationSupportsIndirectInputEvents = YES;
				INFOPLIST_KEY_UILaunchStoryboardName = LaunchScreen;
				INFOPLIST_KEY_UIMainStoryboardFile = Main;
				INFOPLIST_KEY_UISupportedInterfaceOrientations_iPad = "UIInterfaceOrientationPortrait UIInterfaceOrientationPortraitUpsideDown UIInterfaceOrientationLandscapeLeft UIInterfaceOrientationLandscapeRight";
				INFOPLIST_KEY_UISupportedInterfaceOrientations_iPhone = "UIInterfaceOrientationPortrait UIInterfaceOrientationLandscapeLeft UIInterfaceOrientationLandscapeRight";
				LD_RUNPATH_SEARCH_PATHS = (
					"$(inherited)",
					"@executable_path/Frameworks",
				);
				MARKETING_VERSION = 2.0;
				PRODUCT_BUNDLE_IDENTIFIER = Hut.TreeFood;
				PRODUCT_NAME = "$(TARGET_NAME)";
				SWIFT_EMIT_LOC_STRINGS = YES;
				SWIFT_ENABLE_BATCH_MODE = "";
				SWIFT_VERSION = 5.0;
				TARGETED_DEVICE_FAMILY = 1;
			};
			name = Debug;
		};
		93981C20271E682600EB1003 /* Release */ = {
			isa = XCBuildConfiguration;
			baseConfigurationReference = 1AA3784D92CF15B6DDB5F620 /* Pods-TreeFood.release.xcconfig */;
			buildSettings = {
				ALWAYS_EMBED_SWIFT_STANDARD_LIBRARIES = YES;
				ASSETCATALOG_COMPILER_APPICON_NAME = AppIcon;
				ASSETCATALOG_COMPILER_GLOBAL_ACCENT_COLOR_NAME = AccentColor;
				CODE_SIGN_STYLE = Automatic;
				CURRENT_PROJECT_VERSION = 20211019;
				DEVELOPMENT_TEAM = J3HD9656AL;
				GENERATE_INFOPLIST_FILE = YES;
				INFOPLIST_FILE = TreeFood/Info.plist;
				INFOPLIST_KEY_UIApplicationSupportsIndirectInputEvents = YES;
				INFOPLIST_KEY_UILaunchStoryboardName = LaunchScreen;
				INFOPLIST_KEY_UIMainStoryboardFile = Main;
				INFOPLIST_KEY_UISupportedInterfaceOrientations_iPad = "UIInterfaceOrientationPortrait UIInterfaceOrientationPortraitUpsideDown UIInterfaceOrientationLandscapeLeft UIInterfaceOrientationLandscapeRight";
				INFOPLIST_KEY_UISupportedInterfaceOrientations_iPhone = "UIInterfaceOrientationPortrait UIInterfaceOrientationLandscapeLeft UIInterfaceOrientationLandscapeRight";
				LD_RUNPATH_SEARCH_PATHS = (
					"$(inherited)",
					"@executable_path/Frameworks",
				);
				MARKETING_VERSION = 2.0;
				PRODUCT_BUNDLE_IDENTIFIER = Hut.TreeFood;
				PRODUCT_NAME = "$(TARGET_NAME)";
				SWIFT_EMIT_LOC_STRINGS = YES;
				SWIFT_ENABLE_BATCH_MODE = "";
				SWIFT_VERSION = 5.0;
				TARGETED_DEVICE_FAMILY = 1;
			};
			name = Release;
		};
		93981C22271E682600EB1003 /* Debug */ = {
			isa = XCBuildConfiguration;
			buildSettings = {
				ALWAYS_EMBED_SWIFT_STANDARD_LIBRARIES = YES;
				BUNDLE_LOADER = "$(TEST_HOST)";
				CODE_SIGN_STYLE = Automatic;
				CURRENT_PROJECT_VERSION = 1;
				DEVELOPMENT_TEAM = J3HD9656AL;
				GENERATE_INFOPLIST_FILE = YES;
				IPHONEOS_DEPLOYMENT_TARGET = 15.0;
				LD_RUNPATH_SEARCH_PATHS = (
					"$(inherited)",
					"@executable_path/Frameworks",
					"@loader_path/Frameworks",
				);
				MARKETING_VERSION = 1.0;
				PRODUCT_BUNDLE_IDENTIFIER = Hut.TreeFoodTests;
				PRODUCT_NAME = "$(TARGET_NAME)";
				SWIFT_EMIT_LOC_STRINGS = NO;
				SWIFT_VERSION = 5.0;
				TARGETED_DEVICE_FAMILY = "1,2";
				TEST_HOST = "$(BUILT_PRODUCTS_DIR)/TreeFood.app/TreeFood";
			};
			name = Debug;
		};
		93981C23271E682600EB1003 /* Release */ = {
			isa = XCBuildConfiguration;
			buildSettings = {
				ALWAYS_EMBED_SWIFT_STANDARD_LIBRARIES = YES;
				BUNDLE_LOADER = "$(TEST_HOST)";
				CODE_SIGN_STYLE = Automatic;
				CURRENT_PROJECT_VERSION = 1;
				DEVELOPMENT_TEAM = J3HD9656AL;
				GENERATE_INFOPLIST_FILE = YES;
				IPHONEOS_DEPLOYMENT_TARGET = 15.0;
				LD_RUNPATH_SEARCH_PATHS = (
					"$(inherited)",
					"@executable_path/Frameworks",
					"@loader_path/Frameworks",
				);
				MARKETING_VERSION = 1.0;
				PRODUCT_BUNDLE_IDENTIFIER = Hut.TreeFoodTests;
				PRODUCT_NAME = "$(TARGET_NAME)";
				SWIFT_EMIT_LOC_STRINGS = NO;
				SWIFT_VERSION = 5.0;
				TARGETED_DEVICE_FAMILY = "1,2";
				TEST_HOST = "$(BUILT_PRODUCTS_DIR)/TreeFood.app/TreeFood";
			};
			name = Release;
		};
		93981C25271E682600EB1003 /* Debug */ = {
			isa = XCBuildConfiguration;
			buildSettings = {
				ALWAYS_EMBED_SWIFT_STANDARD_LIBRARIES = YES;
				CODE_SIGN_STYLE = Automatic;
				CURRENT_PROJECT_VERSION = 1;
				DEVELOPMENT_TEAM = J3HD9656AL;
				GENERATE_INFOPLIST_FILE = YES;
				LD_RUNPATH_SEARCH_PATHS = (
					"$(inherited)",
					"@executable_path/Frameworks",
					"@loader_path/Frameworks",
				);
				MARKETING_VERSION = 1.0;
				PRODUCT_BUNDLE_IDENTIFIER = Hut.TreeFoodUITests;
				PRODUCT_NAME = "$(TARGET_NAME)";
				SWIFT_EMIT_LOC_STRINGS = NO;
				SWIFT_VERSION = 5.0;
				TARGETED_DEVICE_FAMILY = "1,2";
				TEST_TARGET_NAME = TreeFood;
			};
			name = Debug;
		};
		93981C26271E682600EB1003 /* Release */ = {
			isa = XCBuildConfiguration;
			buildSettings = {
				ALWAYS_EMBED_SWIFT_STANDARD_LIBRARIES = YES;
				CODE_SIGN_STYLE = Automatic;
				CURRENT_PROJECT_VERSION = 1;
				DEVELOPMENT_TEAM = J3HD9656AL;
				GENERATE_INFOPLIST_FILE = YES;
				LD_RUNPATH_SEARCH_PATHS = (
					"$(inherited)",
					"@executable_path/Frameworks",
					"@loader_path/Frameworks",
				);
				MARKETING_VERSION = 1.0;
				PRODUCT_BUNDLE_IDENTIFIER = Hut.TreeFoodUITests;
				PRODUCT_NAME = "$(TARGET_NAME)";
				SWIFT_EMIT_LOC_STRINGS = NO;
				SWIFT_VERSION = 5.0;
				TARGETED_DEVICE_FAMILY = "1,2";
				TEST_TARGET_NAME = TreeFood;
			};
			name = Release;
		};
/* End XCBuildConfiguration section */

/* Begin XCConfigurationList section */
		93981BEF271E682000EB1003 /* Build configuration list for PBXProject "TreeFood" */ = {
			isa = XCConfigurationList;
			buildConfigurations = (
				93981C1C271E682600EB1003 /* Debug */,
				93981C1D271E682600EB1003 /* Release */,
			);
			defaultConfigurationIsVisible = 0;
			defaultConfigurationName = Release;
		};
		93981C1E271E682600EB1003 /* Build configuration list for PBXNativeTarget "TreeFood" */ = {
			isa = XCConfigurationList;
			buildConfigurations = (
				93981C1F271E682600EB1003 /* Debug */,
				93981C20271E682600EB1003 /* Release */,
			);
			defaultConfigurationIsVisible = 0;
			defaultConfigurationName = Release;
		};
		93981C21271E682600EB1003 /* Build configuration list for PBXNativeTarget "TreeFoodTests" */ = {
			isa = XCConfigurationList;
			buildConfigurations = (
				93981C22271E682600EB1003 /* Debug */,
				93981C23271E682600EB1003 /* Release */,
			);
			defaultConfigurationIsVisible = 0;
			defaultConfigurationName = Release;
		};
		93981C24271E682600EB1003 /* Build configuration list for PBXNativeTarget "TreeFoodUITests" */ = {
			isa = XCConfigurationList;
			buildConfigurations = (
				93981C25271E682600EB1003 /* Debug */,
				93981C26271E682600EB1003 /* Release */,
			);
			defaultConfigurationIsVisible = 0;
			defaultConfigurationName = Release;
		};
/* End XCConfigurationList section */
	};
	rootObject = 93981BEC271E682000EB1003 /* Project object */;
}
